// !$*UTF8*$!
{
	archiveVersion = 1;
	classes = {
	};
	objectVersion = 77;
	objects = {

/* Begin PBXContainerItemProxy section */
		7EA1C21F2D095320002AB28A /* PBXContainerItemProxy */ = {
			isa = PBXContainerItemProxy;
			containerPortal = 7EA1C2062D09531F002AB28A /* Project object */;
			proxyType = 1;
			remoteGlobalIDString = 7EA1C20D2D09531F002AB28A;
			remoteInfo = "Weights Tracker";
		};
		7EA1C2292D095320002AB28A /* PBXContainerItemProxy */ = {
			isa = PBXContainerItemProxy;
			containerPortal = 7EA1C2062D09531F002AB28A /* Project object */;
			proxyType = 1;
			remoteGlobalIDString = 7EA1C20D2D09531F002AB28A;
			remoteInfo = "Weights Tracker";
		};
/* End PBXContainerItemProxy section */

/* Begin PBXFileReference section */
		7EA1C20E2D09531F002AB28A /* Weights Tracker.app */ = {isa = PBXFileReference; explicitFileType = wrapper.application; includeInIndex = 0; path = "Weights Tracker.app"; sourceTree = BUILT_PRODUCTS_DIR; };
		7EA1C21E2D095320002AB28A /* Weights TrackerTests.xctest */ = {isa = PBXFileReference; explicitFileType = wrapper.cfbundle; includeInIndex = 0; path = "Weights TrackerTests.xctest"; sourceTree = BUILT_PRODUCTS_DIR; };
		7EA1C2282D095320002AB28A /* Weights TrackerUITests.xctest */ = {isa = PBXFileReference; explicitFileType = wrapper.cfbundle; includeInIndex = 0; path = "Weights TrackerUITests.xctest"; sourceTree = BUILT_PRODUCTS_DIR; };
/* End PBXFileReference section */

/* Begin PBXFileSystemSynchronizedRootGroup section */
		7EA1C2102D09531F002AB28A /* Weights Tracker */ = {
			isa = PBXFileSystemSynchronizedRootGroup;
			path = "Weights Tracker";
			sourceTree = "<group>";
		};
		7EA1C2212D095320002AB28A /* Weights TrackerTests */ = {
			isa = PBXFileSystemSynchronizedRootGroup;
			path = "Weights TrackerTests";
			sourceTree = "<group>";
		};
		7EA1C22B2D095320002AB28A /* Weights TrackerUITests */ = {
			isa = PBXFileSystemSynchronizedRootGroup;
			path = "Weights TrackerUITests";
			sourceTree = "<group>";
		};
/* End PBXFileSystemSynchronizedRootGroup section */

/* Begin PBXFrameworksBuildPhase section */
		7EA1C20B2D09531F002AB28A /* Frameworks */ = {
			isa = PBXFrameworksBuildPhase;
			buildActionMask = 2147483647;
			files = (
			);
			runOnlyForDeploymentPostprocessing = 0;
		};
		7EA1C21B2D095320002AB28A /* Frameworks */ = {
			isa = PBXFrameworksBuildPhase;
			buildActionMask = 2147483647;
			files = (
			);
			runOnlyForDeploymentPostprocessing = 0;
		};
		7EA1C2252D095320002AB28A /* Frameworks */ = {
			isa = PBXFrameworksBuildPhase;
			buildActionMask = 2147483647;
			files = (
			);
			runOnlyForDeploymentPostprocessing = 0;
		};
/* End PBXFrameworksBuildPhase section */

/* Begin PBXGroup section */
		7EA1C2052D09531F002AB28A = {
			isa = PBXGroup;
			children = (
				7EA1C2102D09531F002AB28A /* Weights Tracker */,
				7EA1C2212D095320002AB28A /* Weights TrackerTests */,
				7EA1C22B2D095320002AB28A /* Weights TrackerUITests */,
				7EA1C20F2D09531F002AB28A /* Products */,
			);
			sourceTree = "<group>";
		};
		7EA1C20F2D09531F002AB28A /* Products */ = {
			isa = PBXGroup;
			children = (
				7EA1C20E2D09531F002AB28A /* Weights Tracker.app */,
				7EA1C21E2D095320002AB28A /* Weights TrackerTests.xctest */,
				7EA1C2282D095320002AB28A /* Weights TrackerUITests.xctest */,
			);
			name = Products;
			sourceTree = "<group>";
		};
/* End PBXGroup section */

/* Begin PBXNativeTarget section */
		7EA1C20D2D09531F002AB28A /* Weights Tracker */ = {
			isa = PBXNativeTarget;
			buildConfigurationList = 7EA1C2322D095320002AB28A /* Build configuration list for PBXNativeTarget "Weights Tracker" */;
			buildPhases = (
				7EA1C20A2D09531F002AB28A /* Sources */,
				7EA1C20B2D09531F002AB28A /* Frameworks */,
				7EA1C20C2D09531F002AB28A /* Resources */,
			);
			buildRules = (
			);
			dependencies = (
			);
			fileSystemSynchronizedGroups = (
				7EA1C2102D09531F002AB28A /* Weights Tracker */,
			);
			name = "Weights Tracker";
			packageProductDependencies = (
			);
			productName = "Weights Tracker";
			productReference = 7EA1C20E2D09531F002AB28A /* Weights Tracker.app */;
			productType = "com.apple.product-type.application";
		};
		7EA1C21D2D095320002AB28A /* Weights TrackerTests */ = {
			isa = PBXNativeTarget;
			buildConfigurationList = 7EA1C2352D095320002AB28A /* Build configuration list for PBXNativeTarget "Weights TrackerTests" */;
			buildPhases = (
				7EA1C21A2D095320002AB28A /* Sources */,
				7EA1C21B2D095320002AB28A /* Frameworks */,
				7EA1C21C2D095320002AB28A /* Resources */,
			);
			buildRules = (
			);
			dependencies = (
				7EA1C2202D095320002AB28A /* PBXTargetDependency */,
			);
			fileSystemSynchronizedGroups = (
				7EA1C2212D095320002AB28A /* Weights TrackerTests */,
			);
			name = "Weights TrackerTests";
			packageProductDependencies = (
			);
			productName = "Weights TrackerTests";
			productReference = 7EA1C21E2D095320002AB28A /* Weights TrackerTests.xctest */;
			productType = "com.apple.product-type.bundle.unit-test";
		};
		7EA1C2272D095320002AB28A /* Weights TrackerUITests */ = {
			isa = PBXNativeTarget;
			buildConfigurationList = 7EA1C2382D095320002AB28A /* Build configuration list for PBXNativeTarget "Weights TrackerUITests" */;
			buildPhases = (
				7EA1C2242D095320002AB28A /* Sources */,
				7EA1C2252D095320002AB28A /* Frameworks */,
				7EA1C2262D095320002AB28A /* Resources */,
			);
			buildRules = (
			);
			dependencies = (
				7EA1C22A2D095320002AB28A /* PBXTargetDependency */,
			);
			fileSystemSynchronizedGroups = (
				7EA1C22B2D095320002AB28A /* Weights TrackerUITests */,
			);
			name = "Weights TrackerUITests";
			packageProductDependencies = (
			);
			productName = "Weights TrackerUITests";
			productReference = 7EA1C2282D095320002AB28A /* Weights TrackerUITests.xctest */;
			productType = "com.apple.product-type.bundle.ui-testing";
		};
/* End PBXNativeTarget section */

/* Begin PBXProject section */
		7EA1C2062D09531F002AB28A /* Project object */ = {
			isa = PBXProject;
			attributes = {
				BuildIndependentTargetsInParallel = 1;
				LastSwiftUpdateCheck = 1610;
				LastUpgradeCheck = 1610;
				TargetAttributes = {
					7EA1C20D2D09531F002AB28A = {
						CreatedOnToolsVersion = 16.1;
					};
					7EA1C21D2D095320002AB28A = {
						CreatedOnToolsVersion = 16.1;
						TestTargetID = 7EA1C20D2D09531F002AB28A;
					};
					7EA1C2272D095320002AB28A = {
						CreatedOnToolsVersion = 16.1;
						TestTargetID = 7EA1C20D2D09531F002AB28A;
					};
				};
			};
			buildConfigurationList = 7EA1C2092D09531F002AB28A /* Build configuration list for PBXProject "Weights Tracker" */;
			developmentRegion = en;
			hasScannedForEncodings = 0;
			knownRegions = (
				en,
				Base,
			);
			mainGroup = 7EA1C2052D09531F002AB28A;
			minimizedProjectReferenceProxies = 1;
			preferredProjectObjectVersion = 77;
			productRefGroup = 7EA1C20F2D09531F002AB28A /* Products */;
			projectDirPath = "";
			projectRoot = "";
			targets = (
				7EA1C20D2D09531F002AB28A /* Weights Tracker */,
				7EA1C21D2D095320002AB28A /* Weights TrackerTests */,
				7EA1C2272D095320002AB28A /* Weights TrackerUITests */,
			);
		};
/* End PBXProject section */

/* Begin PBXResourcesBuildPhase section */
		7EA1C20C2D09531F002AB28A /* Resources */ = {
			isa = PBXResourcesBuildPhase;
			buildActionMask = 2147483647;
			files = (
			);
			runOnlyForDeploymentPostprocessing = 0;
		};
		7EA1C21C2D095320002AB28A /* Resources */ = {
			isa = PBXResourcesBuildPhase;
			buildActionMask = 2147483647;
			files = (
			);
			runOnlyForDeploymentPostprocessing = 0;
		};
		7EA1C2262D095320002AB28A /* Resources */ = {
			isa = PBXResourcesBuildPhase;
			buildActionMask = 2147483647;
			files = (
			);
			runOnlyForDeploymentPostprocessing = 0;
		};
/* End PBXResourcesBuildPhase section */

/* Begin PBXSourcesBuildPhase section */
		7EA1C20A2D09531F002AB28A /* Sources */ = {
			isa = PBXSourcesBuildPhase;
			buildActionMask = 2147483647;
			files = (
			);
			runOnlyForDeploymentPostprocessing = 0;
		};
		7EA1C21A2D095320002AB28A /* Sources */ = {
			isa = PBXSourcesBuildPhase;
			buildActionMask = 2147483647;
			files = (
			);
			runOnlyForDeploymentPostprocessing = 0;
		};
		7EA1C2242D095320002AB28A /* Sources */ = {
			isa = PBXSourcesBuildPhase;
			buildActionMask = 2147483647;
			files = (
			);
			runOnlyForDeploymentPostprocessing = 0;
		};
/* End PBXSourcesBuildPhase section */

/* Begin PBXTargetDependency section */
		7EA1C2202D095320002AB28A /* PBXTargetDependency */ = {
			isa = PBXTargetDependency;
			target = 7EA1C20D2D09531F002AB28A /* Weights Tracker */;
			targetProxy = 7EA1C21F2D095320002AB28A /* PBXContainerItemProxy */;
		};
		7EA1C22A2D095320002AB28A /* PBXTargetDependency */ = {
			isa = PBXTargetDependency;
			target = 7EA1C20D2D09531F002AB28A /* Weights Tracker */;
			targetProxy = 7EA1C2292D095320002AB28A /* PBXContainerItemProxy */;
		};
/* End PBXTargetDependency section */

/* Begin XCBuildConfiguration section */
		7EA1C2302D095320002AB28A /* Debug */ = {
			isa = XCBuildConfiguration;
			buildSettings = {
				ALWAYS_SEARCH_USER_PATHS = NO;
				ASSETCATALOG_COMPILER_GENERATE_SWIFT_ASSET_SYMBOL_EXTENSIONS = YES;
				CLANG_ANALYZER_NONNULL = YES;
				CLANG_ANALYZER_NUMBER_OBJECT_CONVERSION = YES_AGGRESSIVE;
				CLANG_CXX_LANGUAGE_STANDARD = "gnu++20";
				CLANG_ENABLE_MODULES = YES;
				CLANG_ENABLE_OBJC_ARC = YES;
				CLANG_ENABLE_OBJC_WEAK = YES;
				CLANG_WARN_BLOCK_CAPTURE_AUTORELEASING = YES;
				CLANG_WARN_BOOL_CONVERSION = YES;
				CLANG_WARN_COMMA = YES;
				CLANG_WARN_CONSTANT_CONVERSION = YES;
				CLANG_WARN_DEPRECATED_OBJC_IMPLEMENTATIONS = YES;
				CLANG_WARN_DIRECT_OBJC_ISA_USAGE = YES_ERROR;
				CLANG_WARN_DOCUMENTATION_COMMENTS = YES;
				CLANG_WARN_EMPTY_BODY = YES;
				CLANG_WARN_ENUM_CONVERSION = YES;
				CLANG_WARN_INFINITE_RECURSION = YES;
				CLANG_WARN_INT_CONVERSION = YES;
				CLANG_WARN_NON_LITERAL_NULL_CONVERSION = YES;
				CLANG_WARN_OBJC_IMPLICIT_RETAIN_SELF = YES;
				CLANG_WARN_OBJC_LITERAL_CONVERSION = YES;
				CLANG_WARN_OBJC_ROOT_CLASS = YES_ERROR;
				CLANG_WARN_QUOTED_INCLUDE_IN_FRAMEWORK_HEADER = YES;
				CLANG_WARN_RANGE_LOOP_ANALYSIS = YES;
				CLANG_WARN_STRICT_PROTOTYPES = YES;
				CLANG_WARN_SUSPICIOUS_MOVE = YES;
				CLANG_WARN_UNGUARDED_AVAILABILITY = YES_AGGRESSIVE;
				CLANG_WARN_UNREACHABLE_CODE = YES;
				CLANG_WARN__DUPLICATE_METHOD_MATCH = YES;
				COPY_PHASE_STRIP = NO;
				DEBUG_INFORMATION_FORMAT = dwarf;
				ENABLE_STRICT_OBJC_MSGSEND = YES;
				ENABLE_TESTABILITY = YES;
				ENABLE_USER_SCRIPT_SANDBOXING = YES;
				GCC_C_LANGUAGE_STANDARD = gnu17;
				GCC_DYNAMIC_NO_PIC = NO;
				GCC_NO_COMMON_BLOCKS = YES;
				GCC_OPTIMIZATION_LEVEL = 0;
				GCC_PREPROCESSOR_DEFINITIONS = (
					"DEBUG=1",
					"$(inherited)",
				);
				GCC_WARN_64_TO_32_BIT_CONVERSION = YES;
				GCC_WARN_ABOUT_RETURN_TYPE = YES_ERROR;
				GCC_WARN_UNDECLARED_SELECTOR = YES;
				GCC_WARN_UNINITIALIZED_AUTOS = YES_AGGRESSIVE;
				GCC_WARN_UNUSED_FUNCTION = YES;
				GCC_WARN_UNUSED_VARIABLE = YES;
				IPHONEOS_DEPLOYMENT_TARGET = 18.1;
				LOCALIZATION_PREFERS_STRING_CATALOGS = YES;
				MTL_ENABLE_DEBUG_INFO = INCLUDE_SOURCE;
				MTL_FAST_MATH = YES;
				ONLY_ACTIVE_ARCH = YES;
				SDKROOT = iphoneos;
				SWIFT_ACTIVE_COMPILATION_CONDITIONS = "DEBUG $(inherited)";
				SWIFT_OPTIMIZATION_LEVEL = "-Onone";
			};
			name = Debug;
		};
		7EA1C2312D095320002AB28A /* Release */ = {
			isa = XCBuildConfiguration;
			buildSettings = {
				ALWAYS_SEARCH_USER_PATHS = NO;
				ASSETCATALOG_COMPILER_GENERATE_SWIFT_ASSET_SYMBOL_EXTENSIONS = YES;
				CLANG_ANALYZER_NONNULL = YES;
				CLANG_ANALYZER_NUMBER_OBJECT_CONVERSION = YES_AGGRESSIVE;
				CLANG_CXX_LANGUAGE_STANDARD = "gnu++20";
				CLANG_ENABLE_MODULES = YES;
				CLANG_ENABLE_OBJC_ARC = YES;
				CLANG_ENABLE_OBJC_WEAK = YES;
				CLANG_WARN_BLOCK_CAPTURE_AUTORELEASING = YES;
				CLANG_WARN_BOOL_CONVERSION = YES;
				CLANG_WARN_COMMA = YES;
				CLANG_WARN_CONSTANT_CONVERSION = YES;
				CLANG_WARN_DEPRECATED_OBJC_IMPLEMENTATIONS = YES;
				CLANG_WARN_DIRECT_OBJC_ISA_USAGE = YES_ERROR;
				CLANG_WARN_DOCUMENTATION_COMMENTS = YES;
				CLANG_WARN_EMPTY_BODY = YES;
				CLANG_WARN_ENUM_CONVERSION = YES;
				CLANG_WARN_INFINITE_RECURSION = YES;
				CLANG_WARN_INT_CONVERSION = YES;
				CLANG_WARN_NON_LITERAL_NULL_CONVERSION = YES;
				CLANG_WARN_OBJC_IMPLICIT_RETAIN_SELF = YES;
				CLANG_WARN_OBJC_LITERAL_CONVERSION = YES;
				CLANG_WARN_OBJC_ROOT_CLASS = YES_ERROR;
				CLANG_WARN_QUOTED_INCLUDE_IN_FRAMEWORK_HEADER = YES;
				CLANG_WARN_RANGE_LOOP_ANALYSIS = YES;
				CLANG_WARN_STRICT_PROTOTYPES = YES;
				CLANG_WARN_SUSPICIOUS_MOVE = YES;
				CLANG_WARN_UNGUARDED_AVAILABILITY = YES_AGGRESSIVE;
				CLANG_WARN_UNREACHABLE_CODE = YES;
				CLANG_WARN__DUPLICATE_METHOD_MATCH = YES;
				COPY_PHASE_STRIP = NO;
				DEBUG_INFORMATION_FORMAT = "dwarf-with-dsym";
				ENABLE_NS_ASSERTIONS = NO;
				ENABLE_STRICT_OBJC_MSGSEND = YES;
				ENABLE_USER_SCRIPT_SANDBOXING = YES;
				GCC_C_LANGUAGE_STANDARD = gnu17;
				GCC_NO_COMMON_BLOCKS = YES;
				GCC_WARN_64_TO_32_BIT_CONVERSION = YES;
				GCC_WARN_ABOUT_RETURN_TYPE = YES_ERROR;
				GCC_WARN_UNDECLARED_SELECTOR = YES;
				GCC_WARN_UNINITIALIZED_AUTOS = YES_AGGRESSIVE;
				GCC_WARN_UNUSED_FUNCTION = YES;
				GCC_WARN_UNUSED_VARIABLE = YES;
				IPHONEOS_DEPLOYMENT_TARGET = 18.1;
				LOCALIZATION_PREFERS_STRING_CATALOGS = YES;
				MTL_ENABLE_DEBUG_INFO = NO;
				MTL_FAST_MATH = YES;
				SDKROOT = iphoneos;
				SWIFT_COMPILATION_MODE = wholemodule;
				VALIDATE_PRODUCT = YES;
			};
			name = Release;
		};
		7EA1C2332D095320002AB28A /* Debug */ = {
			isa = XCBuildConfiguration;
			buildSettings = {
				ASSETCATALOG_COMPILER_APPICON_NAME = AppIcon;
				ASSETCATALOG_COMPILER_GLOBAL_ACCENT_COLOR_NAME = AccentColor;
				CODE_SIGN_STYLE = Automatic;
				CURRENT_PROJECT_VERSION = 1;
				DEVELOPMENT_ASSET_PATHS = "\"Weights Tracker/Preview Content\"";
				DEVELOPMENT_TEAM = XVUQ8A6HGC;
				ENABLE_PREVIEWS = YES;
				GENERATE_INFOPLIST_FILE = YES;
				INFOPLIST_KEY_UIApplicationSceneManifest_Generation = YES;
				INFOPLIST_KEY_UIApplicationSupportsIndirectInputEvents = YES;
				INFOPLIST_KEY_UILaunchScreen_Generation = YES;
				INFOPLIST_KEY_UISupportedInterfaceOrientations_iPad = "UIInterfaceOrientationPortrait UIInterfaceOrientationPortraitUpsideDown UIInterfaceOrientationLandscapeLeft UIInterfaceOrientationLandscapeRight";
				INFOPLIST_KEY_UISupportedInterfaceOrientations_iPhone = "UIInterfaceOrientationPortrait UIInterfaceOrientationLandscapeLeft UIInterfaceOrientationLandscapeRight";
				LD_RUNPATH_SEARCH_PATHS = (
					"$(inherited)",
					"@executable_path/Frameworks",
				);
				MARKETING_VERSION = 1.0;
				PRODUCT_BUNDLE_IDENTIFIER = "com.mineshkumar.Weights-Tracker";
				PRODUCT_NAME = "$(TARGET_NAME)";
				SWIFT_EMIT_LOC_STRINGS = YES;
				SWIFT_VERSION = 5.0;
				TARGETED_DEVICE_FAMILY = "1,2";
			};
			name = Debug;
		};
		7EA1C2342D095320002AB28A /* Release */ = {
			isa = XCBuildConfiguration;
			buildSettings = {
				ASSETCATALOG_COMPILER_APPICON_NAME = AppIcon;
				ASSETCATALOG_COMPILER_GLOBAL_ACCENT_COLOR_NAME = AccentColor;
				CODE_SIGN_STYLE = Automatic;
				CURRENT_PROJECT_VERSION = 1;
				DEVELOPMENT_ASSET_PATHS = "\"Weights Tracker/Preview Content\"";
				DEVELOPMENT_TEAM = XVUQ8A6HGC;
				ENABLE_PREVIEWS = YES;
				GENERATE_INFOPLIST_FILE = YES;
				INFOPLIST_KEY_UIApplicationSceneManifest_Generation = YES;
				INFOPLIST_KEY_UIApplicationSupportsIndirectInputEvents = YES;
				INFOPLIST_KEY_UILaunchScreen_Generation = YES;
				INFOPLIST_KEY_UISupportedInterfaceOrientations_iPad = "UIInterfaceOrientationPortrait UIInterfaceOrientationPortraitUpsideDown UIInterfaceOrientationLandscapeLeft UIInterfaceOrientationLandscapeRight";
				INFOPLIST_KEY_UISupportedInterfaceOrientations_iPhone = "UIInterfaceOrientationPortrait UIInterfaceOrientationLandscapeLeft UIInterfaceOrientationLandscapeRight";
				LD_RUNPATH_SEARCH_PATHS = (
					"$(inherited)",
					"@executable_path/Frameworks",
				);
				MARKETING_VERSION = 1.0;
				PRODUCT_BUNDLE_IDENTIFIER = "com.mineshkumar.Weights-Tracker";
				PRODUCT_NAME = "$(TARGET_NAME)";
				SWIFT_EMIT_LOC_STRINGS = YES;
				SWIFT_VERSION = 5.0;
				TARGETED_DEVICE_FAMILY = "1,2";
			};
			name = Release;
		};
		7EA1C2362D095320002AB28A /* Debug */ = {
			isa = XCBuildConfiguration;
			buildSettings = {
				BUNDLE_LOADER = "$(TEST_HOST)";
				CODE_SIGN_STYLE = Automatic;
				CURRENT_PROJECT_VERSION = 1;
				DEVELOPMENT_TEAM = XVUQ8A6HGC;
				GENERATE_INFOPLIST_FILE = YES;
				IPHONEOS_DEPLOYMENT_TARGET = 18.1;
				MARKETING_VERSION = 1.0;
				PRODUCT_BUNDLE_IDENTIFIER = "com.mineshkumar.Weights-TrackerTests";
				PRODUCT_NAME = "$(TARGET_NAME)";
				SWIFT_EMIT_LOC_STRINGS = NO;
				SWIFT_VERSION = 5.0;
				TARGETED_DEVICE_FAMILY = "1,2";
				TEST_HOST = "$(BUILT_PRODUCTS_DIR)/Weights Tracker.app/$(BUNDLE_EXECUTABLE_FOLDER_PATH)/Weights Tracker";
			};
			name = Debug;
		};
		7EA1C2372D095320002AB28A /* Release */ = {
			isa = XCBuildConfiguration;
			buildSettings = {
				BUNDLE_LOADER = "$(TEST_HOST)";
				CODE_SIGN_STYLE = Automatic;
				CURRENT_PROJECT_VERSION = 1;
				DEVELOPMENT_TEAM = XVUQ8A6HGC;
				GENERATE_INFOPLIST_FILE = YES;
				IPHONEOS_DEPLOYMENT_TARGET = 18.1;
				MARKETING_VERSION = 1.0;
				PRODUCT_BUNDLE_IDENTIFIER = "com.mineshkumar.Weights-TrackerTests";
				PRODUCT_NAME = "$(TARGET_NAME)";
				SWIFT_EMIT_LOC_STRINGS = NO;
				SWIFT_VERSION = 5.0;
				TARGETED_DEVICE_FAMILY = "1,2";
				TEST_HOST = "$(BUILT_PRODUCTS_DIR)/Weights Tracker.app/$(BUNDLE_EXECUTABLE_FOLDER_PATH)/Weights Tracker";
			};
			name = Release;
		};
		7EA1C2392D095320002AB28A /* Debug */ = {
			isa = XCBuildConfiguration;
			buildSettings = {
				CODE_SIGN_STYLE = Automatic;
				CURRENT_PROJECT_VERSION = 1;
				DEVELOPMENT_TEAM = XVUQ8A6HGC;
				GENERATE_INFOPLIST_FILE = YES;
				MARKETING_VERSION = 1.0;
				PRODUCT_BUNDLE_IDENTIFIER = "com.mineshkumar.Weights-TrackerUITests";
				PRODUCT_NAME = "$(TARGET_NAME)";
				SWIFT_EMIT_LOC_STRINGS = NO;
				SWIFT_VERSION = 5.0;
				TARGETED_DEVICE_FAMILY = "1,2";
				TEST_TARGET_NAME = "Weights Tracker";
			};
			name = Debug;
		};
		7EA1C23A2D095320002AB28A /* Release */ = {
			isa = XCBuildConfiguration;
			buildSettings = {
				CODE_SIGN_STYLE = Automatic;
				CURRENT_PROJECT_VERSION = 1;
				DEVELOPMENT_TEAM = XVUQ8A6HGC;
				GENERATE_INFOPLIST_FILE = YES;
				MARKETING_VERSION = 1.0;
				PRODUCT_BUNDLE_IDENTIFIER = "com.mineshkumar.Weights-TrackerUITests";
				PRODUCT_NAME = "$(TARGET_NAME)";
				SWIFT_EMIT_LOC_STRINGS = NO;
				SWIFT_VERSION = 5.0;
				TARGETED_DEVICE_FAMILY = "1,2";
				TEST_TARGET_NAME = "Weights Tracker";
			};
			name = Release;
		};
/* End XCBuildConfiguration section */

/* Begin XCConfigurationList section */
		7EA1C2092D09531F002AB28A /* Build configuration list for PBXProject "Weights Tracker" */ = {
			isa = XCConfigurationList;
			buildConfigurations = (
				7EA1C2302D095320002AB28A /* Debug */,
				7EA1C2312D095320002AB28A /* Release */,
			);
			defaultConfigurationIsVisible = 0;
			defaultConfigurationName = Release;
		};
		7EA1C2322D095320002AB28A /* Build configuration list for PBXNativeTarget "Weights Tracker" */ = {
			isa = XCConfigurationList;
			buildConfigurations = (
				7EA1C2332D095320002AB28A /* Debug */,
				7EA1C2342D095320002AB28A /* Release */,
			);
			defaultConfigurationIsVisible = 0;
			defaultConfigurationName = Release;
		};
		7EA1C2352D095320002AB28A /* Build configuration list for PBXNativeTarget "Weights TrackerTests" */ = {
			isa = XCConfigurationList;
			buildConfigurations = (
				7EA1C2362D095320002AB28A /* Debug */,
				7EA1C2372D095320002AB28A /* Release */,
			);
			defaultConfigurationIsVisible = 0;
			defaultConfigurationName = Release;
		};
		7EA1C2382D095320002AB28A /* Build configuration list for PBXNativeTarget "Weights TrackerUITests" */ = {
			isa = XCConfigurationList;
			buildConfigurations = (
				7EA1C2392D095320002AB28A /* Debug */,
				7EA1C23A2D095320002AB28A /* Release */,
			);
			defaultConfigurationIsVisible = 0;
			defaultConfigurationName = Release;
		};
/* End XCConfigurationList section */
	};
	rootObject = 7EA1C2062D09531F002AB28A /* Project object */;
}
